{
  "nodes": {
    "nixpkgs": {
      "locked": {
        "lastModified": 1782723713,
        "narHash": "sha256-oPXCU/SSUokcGaJREHibG1CBX3+s/W7orDWQOZDsEeQ=",
        "owner": "NixOS",
        "repo": "nixpkgs",
        "rev": "b5aa0fbd538984f6e3d201be0005b4463d8b09f8",
        "type": "github"
      },
      "original": {
        "owner": "NixOS",
        "ref": "nixos-unstable",
        "repo": "nixpkgs",
        "type": "github"
      }
    },
    "root": {
      "inputs": {
        "nixpkgs": "nixpkgs",
        "rumoca-src": "rumoca-src"
      }
    },
    "rumoca-src": {
      "flake": false,
      "locked": {
        "lastModified": 1783693060,
        "narHash": "sha256-MhBF2ZIjV3k1rNmzKxq+f3AGXqQoiHxGOztahe4+qMI=",
        "owner": "CogniPilot",
        "repo": "rumoca",
        "rev": "a72d40e0eb2cb4f3a5ca18a5dad75da49801e67a",
        "type": "github"
      },
      "original": {
        "owner": "CogniPilot",
        "ref": "v0.9.19",
        "repo": "rumoca",
        "type": "github"
      }
    }
  },
  "root": "root",
  "version": 7
}
