{
  "nodes": {
    "nixpkgs": {
      "locked": {
        "lastModified": 1782723713,
        "narHash": "sha256-oPXCU/SSUokcGaJREHibG1CBX3+s/W7orDWQOZDsEeQ=",
        "owner": "NixOS",
        "repo": "nixpkgs",
        "rev": "b5aa0fbd538984f6e3d201be0005b4463d8b09f8",
        "type": "github"
      },
      "original": {
        "owner": "NixOS",
        "ref": "nixos-unstable",
        "repo": "nixpkgs",
        "type": "github"
      }
    },
    "root": {
      "inputs": {
        "nixpkgs": "nixpkgs",
        "rumoca-src": "rumoca-src"
      }
    },
    "rumoca-src": {
      "flake": false,
      "locked": {
        "lastModified": 1784257469,
        "narHash": "sha256-Z/1K3Ncc2TYVtHuJBeekC89CO1kBdyzO9gGiigSo0To=",
        "owner": "CogniPilot",
        "repo": "rumoca",
        "rev": "149c2ff3939937f5a1345db600830ae4a9a83ca9",
        "type": "github"
      },
      "original": {
        "owner": "CogniPilot",
        "repo": "rumoca",
        "rev": "149c2ff3939937f5a1345db600830ae4a9a83ca9",
        "type": "github"
      }
    }
  },
  "root": "root",
  "version": 7
}
